
Microsoft Visual Studio Solution File, Format Version 12.00
# Visual Studio Version 17
VisualStudioVersion = 17.1.32228.430
MinimumVisualStudioVersion = 10.0.40219.1
Project("{888888A0-9F3D-457C-B088-3A5042F75D52}") = "AnimeTagNet", "AnimeTagNet.pyproj", "{7482A001-B235-4356-BA4B-62BF3146FA9B}"
EndProject
Global
	GlobalSection(SolutionConfigurationPlatforms) = preSolution
		Debug|Any CPU = Debug|Any CPU
		Release|Any CPU = Release|Any CPU
	EndGlobalSection
	GlobalSection(ProjectConfigurationPlatforms) = postSolution
		{7482A001-B235-4356-BA4B-62BF3146FA9B}.Debug|Any CPU.ActiveCfg = Debug|Any CPU
		{7482A001-B235-4356-BA4B-62BF3146FA9B}.Release|Any CPU.ActiveCfg = Release|Any CPU
	EndGlobalSection
	GlobalSection(SolutionProperties) = preSolution
		HideSolutionNode = FALSE
	EndGlobalSection
	GlobalSection(ExtensibilityGlobals) = postSolution
		SolutionGuid = {4FBF4250-782F-41C0-B680-5C1111CD40DF}
	EndGlobalSection
EndGlobal
